
Microsoft Visual Studio Solution File, Format Version 12.00
# Visual Studio Version 16
VisualStudioVersion = 16.0.31624.102
MinimumVisualStudioVersion = 10.0.40219.1
Project("{FAE04EC0-301F-11D3-BF4B-00C04F79EFBC}") = "ArrayManipulator", "ArrayManipulator\ArrayManipulator.csproj", "{09D17248-9935-43B2-974E-FFD81A087091}"
EndProject
Global
	GlobalSection(SolutionConfigurationPlatforms) = preSolution
		Debug|Any CPU = Debug|Any CPU
		Release|Any CPU = Release|Any CPU
	EndGlobalSection
	GlobalSection(ProjectConfigurationPlatforms) = postSolution
		{09D17248-9935-43B2-974E-FFD81A087091}.Debug|Any CPU.ActiveCfg = Debug|Any CPU
		{09D17248-9935-43B2-974E-FFD81A087091}.Debug|Any CPU.Build.0 = Debug|Any CPU
		{09D17248-9935-43B2-974E-FFD81A087091}.Release|Any CPU.ActiveCfg = Release|Any CPU
		{09D17248-9935-43B2-974E-FFD81A087091}.Release|Any CPU.Build.0 = Release|Any CPU
	EndGlobalSection
	GlobalSection(SolutionProperties) = preSolution
		HideSolutionNode = FALSE
	EndGlobalSection
	GlobalSection(ExtensibilityGlobals) = postSolution
		SolutionGuid = {F1275D12-2F60-42D4-83F8-D629545ABC64}
	EndGlobalSection
EndGlobal
