
Microsoft Visual Studio Solution File, Format Version 12.00
# Visual Studio Version 16
VisualStudioVersion = 16.0.31424.327
MinimumVisualStudioVersion = 10.0.40219.1
Project("{FAE04EC0-301F-11D3-BF4B-00C04F79EFBC}") = "Exam1", "Exam1\Exam1.csproj", "{5E9CD774-1DAE-4380-8E3F-4E638670BFC5}"
EndProject
Global
	GlobalSection(SolutionConfigurationPlatforms) = preSolution
		Debug|Any CPU = Debug|Any CPU
		Release|Any CPU = Release|Any CPU
	EndGlobalSection
	GlobalSection(ProjectConfigurationPlatforms) = postSolution
		{5E9CD774-1DAE-4380-8E3F-4E638670BFC5}.Debug|Any CPU.ActiveCfg = Debug|Any CPU
		{5E9CD774-1DAE-4380-8E3F-4E638670BFC5}.Debug|Any CPU.Build.0 = Debug|Any CPU
		{5E9CD774-1DAE-4380-8E3F-4E638670BFC5}.Release|Any CPU.ActiveCfg = Release|Any CPU
		{5E9CD774-1DAE-4380-8E3F-4E638670BFC5}.Release|Any CPU.Build.0 = Release|Any CPU
	EndGlobalSection
	GlobalSection(SolutionProperties) = preSolution
		HideSolutionNode = FALSE
	EndGlobalSection
	GlobalSection(ExtensibilityGlobals) = postSolution
		SolutionGuid = {2655B73F-BA3E-4C17-90B3-C2A57BAD9098}
	EndGlobalSection
EndGlobal
