
Microsoft Visual Studio Solution File, Format Version 12.00
# Visual Studio Version 16
VisualStudioVersion = 16.0.31424.327
MinimumVisualStudioVersion = 10.0.40219.1
Project("{FAE04EC0-301F-11D3-BF4B-00C04F79EFBC}") = "SoftUni7.4", "SoftUni7.4\SoftUni7.4.csproj", "{47CB13F1-D538-4494-BD9A-57ADC7FFF3BB}"
EndProject
Global
	GlobalSection(SolutionConfigurationPlatforms) = preSolution
		Debug|Any CPU = Debug|Any CPU
		Release|Any CPU = Release|Any CPU
	EndGlobalSection
	GlobalSection(ProjectConfigurationPlatforms) = postSolution
		{47CB13F1-D538-4494-BD9A-57ADC7FFF3BB}.Debug|Any CPU.ActiveCfg = Debug|Any CPU
		{47CB13F1-D538-4494-BD9A-57ADC7FFF3BB}.Debug|Any CPU.Build.0 = Debug|Any CPU
		{47CB13F1-D538-4494-BD9A-57ADC7FFF3BB}.Release|Any CPU.ActiveCfg = Release|Any CPU
		{47CB13F1-D538-4494-BD9A-57ADC7FFF3BB}.Release|Any CPU.Build.0 = Release|Any CPU
	EndGlobalSection
	GlobalSection(SolutionProperties) = preSolution
		HideSolutionNode = FALSE
	EndGlobalSection
	GlobalSection(ExtensibilityGlobals) = postSolution
		SolutionGuid = {A9E1AA15-73E0-4B2B-A797-A5B1D5EA4361}
	EndGlobalSection
EndGlobal
