
Microsoft Visual Studio Solution File, Format Version 12.00
# Visual Studio Version 17
VisualStudioVersion = 17.0.31919.166
MinimumVisualStudioVersion = 10.0.40219.1
Project("{FAE04EC0-301F-11D3-BF4B-00C04F79EFBC}") = "World Tour", "World Tour\World Tour.csproj", "{58DCD537-62AD-440C-8DE3-E2FBD3A8205A}"
EndProject
Global
	GlobalSection(SolutionConfigurationPlatforms) = preSolution
		Debug|Any CPU = Debug|Any CPU
		Release|Any CPU = Release|Any CPU
	EndGlobalSection
	GlobalSection(ProjectConfigurationPlatforms) = postSolution
		{58DCD537-62AD-440C-8DE3-E2FBD3A8205A}.Debug|Any CPU.ActiveCfg = Debug|Any CPU
		{58DCD537-62AD-440C-8DE3-E2FBD3A8205A}.Debug|Any CPU.Build.0 = Debug|Any CPU
		{58DCD537-62AD-440C-8DE3-E2FBD3A8205A}.Release|Any CPU.ActiveCfg = Release|Any CPU
		{58DCD537-62AD-440C-8DE3-E2FBD3A8205A}.Release|Any CPU.Build.0 = Release|Any CPU
	EndGlobalSection
	GlobalSection(SolutionProperties) = preSolution
		HideSolutionNode = FALSE
	EndGlobalSection
	GlobalSection(ExtensibilityGlobals) = postSolution
		SolutionGuid = {C78E71B4-32F1-486F-A579-7C2E8DE1D508}
	EndGlobalSection
EndGlobal
