
Microsoft Visual Studio Solution File, Format Version 12.00
# Visual Studio Version 16
VisualStudioVersion = 16.0.31424.327
MinimumVisualStudioVersion = 10.0.40219.1
Project("{FAE04EC0-301F-11D3-BF4B-00C04F79EFBC}") = "SoftUni3.5", "SoftUni3.5\SoftUni3.5.csproj", "{A5A12776-8DCA-40A2-B4BC-2C250481A861}"
EndProject
Global
	GlobalSection(SolutionConfigurationPlatforms) = preSolution
		Debug|Any CPU = Debug|Any CPU
		Release|Any CPU = Release|Any CPU
	EndGlobalSection
	GlobalSection(ProjectConfigurationPlatforms) = postSolution
		{A5A12776-8DCA-40A2-B4BC-2C250481A861}.Debug|Any CPU.ActiveCfg = Debug|Any CPU
		{A5A12776-8DCA-40A2-B4BC-2C250481A861}.Debug|Any CPU.Build.0 = Debug|Any CPU
		{A5A12776-8DCA-40A2-B4BC-2C250481A861}.Release|Any CPU.ActiveCfg = Release|Any CPU
		{A5A12776-8DCA-40A2-B4BC-2C250481A861}.Release|Any CPU.Build.0 = Release|Any CPU
	EndGlobalSection
	GlobalSection(SolutionProperties) = preSolution
		HideSolutionNode = FALSE
	EndGlobalSection
	GlobalSection(ExtensibilityGlobals) = postSolution
		SolutionGuid = {7CAE17B3-DFED-4543-A906-D6A64C6CA989}
	EndGlobalSection
EndGlobal
