
Microsoft Visual Studio Solution File, Format Version 12.00
# Visual Studio Version 16
VisualStudioVersion = 16.0.31424.327
MinimumVisualStudioVersion = 10.0.40219.1
Project("{FAE04EC0-301F-11D3-BF4B-00C04F79EFBC}") = "ConsoleApp1", "ConsoleApp1\ConsoleApp1.csproj", "{D6291FEE-9530-46A1-8E1B-F6797CF019CF}"
EndProject
Global
	GlobalSection(SolutionConfigurationPlatforms) = preSolution
		Debug|Any CPU = Debug|Any CPU
		Release|Any CPU = Release|Any CPU
	EndGlobalSection
	GlobalSection(ProjectConfigurationPlatforms) = postSolution
		{D6291FEE-9530-46A1-8E1B-F6797CF019CF}.Debug|Any CPU.ActiveCfg = Debug|Any CPU
		{D6291FEE-9530-46A1-8E1B-F6797CF019CF}.Debug|Any CPU.Build.0 = Debug|Any CPU
		{D6291FEE-9530-46A1-8E1B-F6797CF019CF}.Release|Any CPU.ActiveCfg = Release|Any CPU
		{D6291FEE-9530-46A1-8E1B-F6797CF019CF}.Release|Any CPU.Build.0 = Release|Any CPU
	EndGlobalSection
	GlobalSection(SolutionProperties) = preSolution
		HideSolutionNode = FALSE
	EndGlobalSection
	GlobalSection(ExtensibilityGlobals) = postSolution
		SolutionGuid = {18A92F18-5F50-437C-8029-A9ABD58A40BD}
	EndGlobalSection
EndGlobal
