
Microsoft Visual Studio Solution File, Format Version 12.00
# Visual Studio Version 16
VisualStudioVersion = 16.0.31424.327
MinimumVisualStudioVersion = 10.0.40219.1
Project("{FAE04EC0-301F-11D3-BF4B-00C04F79EFBC}") = "SoftUni2.7", "SoftUni2.7\SoftUni2.7.csproj", "{36EC4E39-BD77-4C70-B4F9-43AB2E4A74EE}"
EndProject
Global
	GlobalSection(SolutionConfigurationPlatforms) = preSolution
		Debug|Any CPU = Debug|Any CPU
		Release|Any CPU = Release|Any CPU
	EndGlobalSection
	GlobalSection(ProjectConfigurationPlatforms) = postSolution
		{36EC4E39-BD77-4C70-B4F9-43AB2E4A74EE}.Debug|Any CPU.ActiveCfg = Debug|Any CPU
		{36EC4E39-BD77-4C70-B4F9-43AB2E4A74EE}.Debug|Any CPU.Build.0 = Debug|Any CPU
		{36EC4E39-BD77-4C70-B4F9-43AB2E4A74EE}.Release|Any CPU.ActiveCfg = Release|Any CPU
		{36EC4E39-BD77-4C70-B4F9-43AB2E4A74EE}.Release|Any CPU.Build.0 = Release|Any CPU
	EndGlobalSection
	GlobalSection(SolutionProperties) = preSolution
		HideSolutionNode = FALSE
	EndGlobalSection
	GlobalSection(ExtensibilityGlobals) = postSolution
		SolutionGuid = {B2D6922B-4F61-4953-A0B6-31A720FA6982}
	EndGlobalSection
EndGlobal
