
Microsoft Visual Studio Solution File, Format Version 12.00
# Visual Studio Version 16
VisualStudioVersion = 16.0.31727.386
MinimumVisualStudioVersion = 10.0.40219.1
Project("{FAE04EC0-301F-11D3-BF4B-00C04F79EFBC}") = "Counter-Strike", "Counter-Strike\Counter-Strike.csproj", "{3CB12127-C7EB-4680-8F8B-6C6C35C15CFE}"
EndProject
Global
	GlobalSection(SolutionConfigurationPlatforms) = preSolution
		Debug|Any CPU = Debug|Any CPU
		Release|Any CPU = Release|Any CPU
	EndGlobalSection
	GlobalSection(ProjectConfigurationPlatforms) = postSolution
		{3CB12127-C7EB-4680-8F8B-6C6C35C15CFE}.Debug|Any CPU.ActiveCfg = Debug|Any CPU
		{3CB12127-C7EB-4680-8F8B-6C6C35C15CFE}.Debug|Any CPU.Build.0 = Debug|Any CPU
		{3CB12127-C7EB-4680-8F8B-6C6C35C15CFE}.Release|Any CPU.ActiveCfg = Release|Any CPU
		{3CB12127-C7EB-4680-8F8B-6C6C35C15CFE}.Release|Any CPU.Build.0 = Release|Any CPU
	EndGlobalSection
	GlobalSection(SolutionProperties) = preSolution
		HideSolutionNode = FALSE
	EndGlobalSection
	GlobalSection(ExtensibilityGlobals) = postSolution
		SolutionGuid = {79DCDDF9-EC9F-4963-A3FA-B9A636BF3C56}
	EndGlobalSection
EndGlobal
