
Microsoft Visual Studio Solution File, Format Version 12.00
# Visual Studio Version 16
VisualStudioVersion = 16.0.31424.327
MinimumVisualStudioVersion = 10.0.40219.1
Project("{FAE04EC0-301F-11D3-BF4B-00C04F79EFBC}") = "SoftUni13.5", "SoftUni13.5\SoftUni13.5.csproj", "{0F370A1A-C7E7-41B7-8D9E-E964F985ECF6}"
EndProject
Global
	GlobalSection(SolutionConfigurationPlatforms) = preSolution
		Debug|Any CPU = Debug|Any CPU
		Release|Any CPU = Release|Any CPU
	EndGlobalSection
	GlobalSection(ProjectConfigurationPlatforms) = postSolution
		{0F370A1A-C7E7-41B7-8D9E-E964F985ECF6}.Debug|Any CPU.ActiveCfg = Debug|Any CPU
		{0F370A1A-C7E7-41B7-8D9E-E964F985ECF6}.Debug|Any CPU.Build.0 = Debug|Any CPU
		{0F370A1A-C7E7-41B7-8D9E-E964F985ECF6}.Release|Any CPU.ActiveCfg = Release|Any CPU
		{0F370A1A-C7E7-41B7-8D9E-E964F985ECF6}.Release|Any CPU.Build.0 = Release|Any CPU
	EndGlobalSection
	GlobalSection(SolutionProperties) = preSolution
		HideSolutionNode = FALSE
	EndGlobalSection
	GlobalSection(ExtensibilityGlobals) = postSolution
		SolutionGuid = {449BEDDA-2310-4733-A385-6695764C18CA}
	EndGlobalSection
EndGlobal
