
Microsoft Visual Studio Solution File, Format Version 12.00
# Visual Studio Version 16
VisualStudioVersion = 16.0.31424.327
MinimumVisualStudioVersion = 10.0.40219.1
Project("{FAE04EC0-301F-11D3-BF4B-00C04F79EFBC}") = "SoftUni11.7", "SoftUni11.7\SoftUni11.7.csproj", "{52AD8B18-C8E9-482F-A212-7918CBE6E0C3}"
EndProject
Global
	GlobalSection(SolutionConfigurationPlatforms) = preSolution
		Debug|Any CPU = Debug|Any CPU
		Release|Any CPU = Release|Any CPU
	EndGlobalSection
	GlobalSection(ProjectConfigurationPlatforms) = postSolution
		{52AD8B18-C8E9-482F-A212-7918CBE6E0C3}.Debug|Any CPU.ActiveCfg = Debug|Any CPU
		{52AD8B18-C8E9-482F-A212-7918CBE6E0C3}.Debug|Any CPU.Build.0 = Debug|Any CPU
		{52AD8B18-C8E9-482F-A212-7918CBE6E0C3}.Release|Any CPU.ActiveCfg = Release|Any CPU
		{52AD8B18-C8E9-482F-A212-7918CBE6E0C3}.Release|Any CPU.Build.0 = Release|Any CPU
	EndGlobalSection
	GlobalSection(SolutionProperties) = preSolution
		HideSolutionNode = FALSE
	EndGlobalSection
	GlobalSection(ExtensibilityGlobals) = postSolution
		SolutionGuid = {257CD430-697D-45C8-B55A-FA453E775F52}
	EndGlobalSection
EndGlobal
