
Microsoft Visual Studio Solution File, Format Version 12.00
# Visual Studio Version 16
VisualStudioVersion = 16.0.31727.386
MinimumVisualStudioVersion = 10.0.40219.1
Project("{FAE04EC0-301F-11D3-BF4B-00C04F79EFBC}") = "A Miner Task", "A Miner Task\A Miner Task.csproj", "{FC58107A-0D60-43B3-B2FE-783483289009}"
EndProject
Global
	GlobalSection(SolutionConfigurationPlatforms) = preSolution
		Debug|Any CPU = Debug|Any CPU
		Release|Any CPU = Release|Any CPU
	EndGlobalSection
	GlobalSection(ProjectConfigurationPlatforms) = postSolution
		{FC58107A-0D60-43B3-B2FE-783483289009}.Debug|Any CPU.ActiveCfg = Debug|Any CPU
		{FC58107A-0D60-43B3-B2FE-783483289009}.Debug|Any CPU.Build.0 = Debug|Any CPU
		{FC58107A-0D60-43B3-B2FE-783483289009}.Release|Any CPU.ActiveCfg = Release|Any CPU
		{FC58107A-0D60-43B3-B2FE-783483289009}.Release|Any CPU.Build.0 = Release|Any CPU
	EndGlobalSection
	GlobalSection(SolutionProperties) = preSolution
		HideSolutionNode = FALSE
	EndGlobalSection
	GlobalSection(ExtensibilityGlobals) = postSolution
		SolutionGuid = {3322DF28-F4D8-4084-8DA7-F3AFE11C7118}
	EndGlobalSection
EndGlobal
