
Microsoft Visual Studio Solution File, Format Version 12.00
# Visual Studio Version 17
VisualStudioVersion = 17.0.31919.166
MinimumVisualStudioVersion = 10.0.40219.1
Project("{FAE04EC0-301F-11D3-BF4B-00C04F79EFBC}") = "Messages Manager", "Messages Manager\Messages Manager.csproj", "{637DCF75-6995-4F85-A746-F17E73A3EEC0}"
EndProject
Global
	GlobalSection(SolutionConfigurationPlatforms) = preSolution
		Debug|Any CPU = Debug|Any CPU
		Release|Any CPU = Release|Any CPU
	EndGlobalSection
	GlobalSection(ProjectConfigurationPlatforms) = postSolution
		{637DCF75-6995-4F85-A746-F17E73A3EEC0}.Debug|Any CPU.ActiveCfg = Debug|Any CPU
		{637DCF75-6995-4F85-A746-F17E73A3EEC0}.Debug|Any CPU.Build.0 = Debug|Any CPU
		{637DCF75-6995-4F85-A746-F17E73A3EEC0}.Release|Any CPU.ActiveCfg = Release|Any CPU
		{637DCF75-6995-4F85-A746-F17E73A3EEC0}.Release|Any CPU.Build.0 = Release|Any CPU
	EndGlobalSection
	GlobalSection(SolutionProperties) = preSolution
		HideSolutionNode = FALSE
	EndGlobalSection
	GlobalSection(ExtensibilityGlobals) = postSolution
		SolutionGuid = {5717E10D-9E25-41BC-BC4B-CA7BBBC77CAF}
	EndGlobalSection
EndGlobal
