
Microsoft Visual Studio Solution File, Format Version 12.00
# Visual Studio Version 16
VisualStudioVersion = 16.0.31727.386
MinimumVisualStudioVersion = 10.0.40219.1
Project("{FAE04EC0-301F-11D3-BF4B-00C04F79EFBC}") = "Demo", "Demo\Demo.csproj", "{F0535701-22A5-49D2-BF49-4F276176EFF9}"
EndProject
Global
	GlobalSection(SolutionConfigurationPlatforms) = preSolution
		Debug|Any CPU = Debug|Any CPU
		Release|Any CPU = Release|Any CPU
	EndGlobalSection
	GlobalSection(ProjectConfigurationPlatforms) = postSolution
		{F0535701-22A5-49D2-BF49-4F276176EFF9}.Debug|Any CPU.ActiveCfg = Debug|Any CPU
		{F0535701-22A5-49D2-BF49-4F276176EFF9}.Debug|Any CPU.Build.0 = Debug|Any CPU
		{F0535701-22A5-49D2-BF49-4F276176EFF9}.Release|Any CPU.ActiveCfg = Release|Any CPU
		{F0535701-22A5-49D2-BF49-4F276176EFF9}.Release|Any CPU.Build.0 = Release|Any CPU
	EndGlobalSection
	GlobalSection(SolutionProperties) = preSolution
		HideSolutionNode = FALSE
	EndGlobalSection
	GlobalSection(ExtensibilityGlobals) = postSolution
		SolutionGuid = {F40171D2-EEB5-4E02-9AA2-5DE1E7734AC4}
	EndGlobalSection
EndGlobal
