
Microsoft Visual Studio Solution File, Format Version 12.00
# Visual Studio Version 16
VisualStudioVersion = 16.0.31424.327
MinimumVisualStudioVersion = 10.0.40219.1
Project("{FAE04EC0-301F-11D3-BF4B-00C04F79EFBC}") = "Exam6", "Exam6\Exam6.csproj", "{182B8E3C-94B5-4019-B0A3-09278152C985}"
EndProject
Global
	GlobalSection(SolutionConfigurationPlatforms) = preSolution
		Debug|Any CPU = Debug|Any CPU
		Release|Any CPU = Release|Any CPU
	EndGlobalSection
	GlobalSection(ProjectConfigurationPlatforms) = postSolution
		{182B8E3C-94B5-4019-B0A3-09278152C985}.Debug|Any CPU.ActiveCfg = Debug|Any CPU
		{182B8E3C-94B5-4019-B0A3-09278152C985}.Debug|Any CPU.Build.0 = Debug|Any CPU
		{182B8E3C-94B5-4019-B0A3-09278152C985}.Release|Any CPU.ActiveCfg = Release|Any CPU
		{182B8E3C-94B5-4019-B0A3-09278152C985}.Release|Any CPU.Build.0 = Release|Any CPU
	EndGlobalSection
	GlobalSection(SolutionProperties) = preSolution
		HideSolutionNode = FALSE
	EndGlobalSection
	GlobalSection(ExtensibilityGlobals) = postSolution
		SolutionGuid = {B0374D1F-1DE1-4393-887A-A3D49DB1427B}
	EndGlobalSection
EndGlobal
