
Microsoft Visual Studio Solution File, Format Version 12.00
# Visual Studio Version 16
VisualStudioVersion = 16.0.31424.327
MinimumVisualStudioVersion = 10.0.40219.1
Project("{FAE04EC0-301F-11D3-BF4B-00C04F79EFBC}") = "SoftUni6.4", "SoftUni6.4\SoftUni6.4.csproj", "{6BF89759-2487-4690-BBDD-FF61E84054CE}"
EndProject
Global
	GlobalSection(SolutionConfigurationPlatforms) = preSolution
		Debug|Any CPU = Debug|Any CPU
		Release|Any CPU = Release|Any CPU
	EndGlobalSection
	GlobalSection(ProjectConfigurationPlatforms) = postSolution
		{6BF89759-2487-4690-BBDD-FF61E84054CE}.Debug|Any CPU.ActiveCfg = Debug|Any CPU
		{6BF89759-2487-4690-BBDD-FF61E84054CE}.Debug|Any CPU.Build.0 = Debug|Any CPU
		{6BF89759-2487-4690-BBDD-FF61E84054CE}.Release|Any CPU.ActiveCfg = Release|Any CPU
		{6BF89759-2487-4690-BBDD-FF61E84054CE}.Release|Any CPU.Build.0 = Release|Any CPU
	EndGlobalSection
	GlobalSection(SolutionProperties) = preSolution
		HideSolutionNode = FALSE
	EndGlobalSection
	GlobalSection(ExtensibilityGlobals) = postSolution
		SolutionGuid = {548A46B2-D9E3-4F31-A317-44C09D749585}
	EndGlobalSection
EndGlobal
