
Microsoft Visual Studio Solution File, Format Version 12.00
# Visual Studio Version 16
VisualStudioVersion = 16.0.31424.327
MinimumVisualStudioVersion = 10.0.40219.1
Project("{FAE04EC0-301F-11D3-BF4B-00C04F79EFBC}") = "SoftUni12.2", "SoftUni12.2\SoftUni12.2.csproj", "{EA7C0FEE-1FC0-48A4-8CBD-05ECFCB4C393}"
EndProject
Global
	GlobalSection(SolutionConfigurationPlatforms) = preSolution
		Debug|Any CPU = Debug|Any CPU
		Release|Any CPU = Release|Any CPU
	EndGlobalSection
	GlobalSection(ProjectConfigurationPlatforms) = postSolution
		{EA7C0FEE-1FC0-48A4-8CBD-05ECFCB4C393}.Debug|Any CPU.ActiveCfg = Debug|Any CPU
		{EA7C0FEE-1FC0-48A4-8CBD-05ECFCB4C393}.Debug|Any CPU.Build.0 = Debug|Any CPU
		{EA7C0FEE-1FC0-48A4-8CBD-05ECFCB4C393}.Release|Any CPU.ActiveCfg = Release|Any CPU
		{EA7C0FEE-1FC0-48A4-8CBD-05ECFCB4C393}.Release|Any CPU.Build.0 = Release|Any CPU
	EndGlobalSection
	GlobalSection(SolutionProperties) = preSolution
		HideSolutionNode = FALSE
	EndGlobalSection
	GlobalSection(ExtensibilityGlobals) = postSolution
		SolutionGuid = {B98762EE-50FC-48B3-B19F-3075AFBC3275}
	EndGlobalSection
EndGlobal
