
Microsoft Visual Studio Solution File, Format Version 12.00
# Visual Studio Version 16
VisualStudioVersion = 16.0.31424.327
MinimumVisualStudioVersion = 10.0.40219.1
Project("{FAE04EC0-301F-11D3-BF4B-00C04F79EFBC}") = "SoftUni8.6", "SoftUni8.6\SoftUni8.6.csproj", "{7C63AF51-C8C2-4470-8B92-0C1043015599}"
EndProject
Global
	GlobalSection(SolutionConfigurationPlatforms) = preSolution
		Debug|Any CPU = Debug|Any CPU
		Release|Any CPU = Release|Any CPU
	EndGlobalSection
	GlobalSection(ProjectConfigurationPlatforms) = postSolution
		{7C63AF51-C8C2-4470-8B92-0C1043015599}.Debug|Any CPU.ActiveCfg = Debug|Any CPU
		{7C63AF51-C8C2-4470-8B92-0C1043015599}.Debug|Any CPU.Build.0 = Debug|Any CPU
		{7C63AF51-C8C2-4470-8B92-0C1043015599}.Release|Any CPU.ActiveCfg = Release|Any CPU
		{7C63AF51-C8C2-4470-8B92-0C1043015599}.Release|Any CPU.Build.0 = Release|Any CPU
	EndGlobalSection
	GlobalSection(SolutionProperties) = preSolution
		HideSolutionNode = FALSE
	EndGlobalSection
	GlobalSection(ExtensibilityGlobals) = postSolution
		SolutionGuid = {85BBD1C3-F199-489D-8070-CAE3FE6C2960}
	EndGlobalSection
EndGlobal
