
Microsoft Visual Studio Solution File, Format Version 12.00
# Visual Studio Version 17
VisualStudioVersion = 17.0.31903.59
MinimumVisualStudioVersion = 10.0.40219.1
Project("{FAE04EC0-301F-11D3-BF4B-00C04F79EFBC}") = "Secret Chat", "Secret Chat\Secret Chat.csproj", "{6F4E8D48-ADE9-471D-985B-096FB8D0FAB9}"
EndProject
Global
	GlobalSection(SolutionConfigurationPlatforms) = preSolution
		Debug|Any CPU = Debug|Any CPU
		Release|Any CPU = Release|Any CPU
	EndGlobalSection
	GlobalSection(ProjectConfigurationPlatforms) = postSolution
		{6F4E8D48-ADE9-471D-985B-096FB8D0FAB9}.Debug|Any CPU.ActiveCfg = Debug|Any CPU
		{6F4E8D48-ADE9-471D-985B-096FB8D0FAB9}.Debug|Any CPU.Build.0 = Debug|Any CPU
		{6F4E8D48-ADE9-471D-985B-096FB8D0FAB9}.Release|Any CPU.ActiveCfg = Release|Any CPU
		{6F4E8D48-ADE9-471D-985B-096FB8D0FAB9}.Release|Any CPU.Build.0 = Release|Any CPU
	EndGlobalSection
	GlobalSection(SolutionProperties) = preSolution
		HideSolutionNode = FALSE
	EndGlobalSection
	GlobalSection(ExtensibilityGlobals) = postSolution
		SolutionGuid = {B0108EF1-488B-48E7-ADB6-DC2BECC4BE76}
	EndGlobalSection
EndGlobal
