
Microsoft Visual Studio Solution File, Format Version 12.00
# Visual Studio Version 16
VisualStudioVersion = 16.0.31424.327
MinimumVisualStudioVersion = 10.0.40219.1
Project("{FAE04EC0-301F-11D3-BF4B-00C04F79EFBC}") = "SoftUni10.1", "SoftUni10.1\SoftUni10.1.csproj", "{72EBEEF5-DA70-46D4-A68B-945892939DDB}"
EndProject
Global
	GlobalSection(SolutionConfigurationPlatforms) = preSolution
		Debug|Any CPU = Debug|Any CPU
		Release|Any CPU = Release|Any CPU
	EndGlobalSection
	GlobalSection(ProjectConfigurationPlatforms) = postSolution
		{72EBEEF5-DA70-46D4-A68B-945892939DDB}.Debug|Any CPU.ActiveCfg = Debug|Any CPU
		{72EBEEF5-DA70-46D4-A68B-945892939DDB}.Debug|Any CPU.Build.0 = Debug|Any CPU
		{72EBEEF5-DA70-46D4-A68B-945892939DDB}.Release|Any CPU.ActiveCfg = Release|Any CPU
		{72EBEEF5-DA70-46D4-A68B-945892939DDB}.Release|Any CPU.Build.0 = Release|Any CPU
	EndGlobalSection
	GlobalSection(SolutionProperties) = preSolution
		HideSolutionNode = FALSE
	EndGlobalSection
	GlobalSection(ExtensibilityGlobals) = postSolution
		SolutionGuid = {F5EE8509-4097-4C6C-BAD2-C22BBC1AB823}
	EndGlobalSection
EndGlobal
