
Microsoft Visual Studio Solution File, Format Version 12.00
# Visual Studio Version 17
VisualStudioVersion = 17.0.31919.166
MinimumVisualStudioVersion = 10.0.40219.1
Project("{FAE04EC0-301F-11D3-BF4B-00C04F79EFBC}") = "Password Validator", "Password Validator\Password Validator.csproj", "{02E02090-E34F-4912-981F-385F607EB8A7}"
EndProject
Global
	GlobalSection(SolutionConfigurationPlatforms) = preSolution
		Debug|Any CPU = Debug|Any CPU
		Release|Any CPU = Release|Any CPU
	EndGlobalSection
	GlobalSection(ProjectConfigurationPlatforms) = postSolution
		{02E02090-E34F-4912-981F-385F607EB8A7}.Debug|Any CPU.ActiveCfg = Debug|Any CPU
		{02E02090-E34F-4912-981F-385F607EB8A7}.Debug|Any CPU.Build.0 = Debug|Any CPU
		{02E02090-E34F-4912-981F-385F607EB8A7}.Release|Any CPU.ActiveCfg = Release|Any CPU
		{02E02090-E34F-4912-981F-385F607EB8A7}.Release|Any CPU.Build.0 = Release|Any CPU
	EndGlobalSection
	GlobalSection(SolutionProperties) = preSolution
		HideSolutionNode = FALSE
	EndGlobalSection
	GlobalSection(ExtensibilityGlobals) = postSolution
		SolutionGuid = {2C62A1B9-6797-46CE-931A-0E8B2A890DDB}
	EndGlobalSection
EndGlobal
