
Microsoft Visual Studio Solution File, Format Version 12.00
# Visual Studio Version 16
VisualStudioVersion = 16.0.31424.327
MinimumVisualStudioVersion = 10.0.40219.1
Project("{FAE04EC0-301F-11D3-BF4B-00C04F79EFBC}") = "SoftUni4.3", "SoftUni4.3\SoftUni4.3.csproj", "{4B16A9CB-85EA-4218-88A8-A3142C933B9B}"
EndProject
Global
	GlobalSection(SolutionConfigurationPlatforms) = preSolution
		Debug|Any CPU = Debug|Any CPU
		Release|Any CPU = Release|Any CPU
	EndGlobalSection
	GlobalSection(ProjectConfigurationPlatforms) = postSolution
		{4B16A9CB-85EA-4218-88A8-A3142C933B9B}.Debug|Any CPU.ActiveCfg = Debug|Any CPU
		{4B16A9CB-85EA-4218-88A8-A3142C933B9B}.Debug|Any CPU.Build.0 = Debug|Any CPU
		{4B16A9CB-85EA-4218-88A8-A3142C933B9B}.Release|Any CPU.ActiveCfg = Release|Any CPU
		{4B16A9CB-85EA-4218-88A8-A3142C933B9B}.Release|Any CPU.Build.0 = Release|Any CPU
	EndGlobalSection
	GlobalSection(SolutionProperties) = preSolution
		HideSolutionNode = FALSE
	EndGlobalSection
	GlobalSection(ExtensibilityGlobals) = postSolution
		SolutionGuid = {26C91D1B-8E25-4D60-A2AA-26E991C8AEB2}
	EndGlobalSection
EndGlobal
