
Microsoft Visual Studio Solution File, Format Version 12.00
# Visual Studio Version 16
VisualStudioVersion = 16.0.31424.327
MinimumVisualStudioVersion = 10.0.40219.1
Project("{FAE04EC0-301F-11D3-BF4B-00C04F79EFBC}") = "SoftUni9.8", "SoftUni9.8\SoftUni9.8.csproj", "{6FC83489-00C7-427B-8468-223615A93CEA}"
EndProject
Global
	GlobalSection(SolutionConfigurationPlatforms) = preSolution
		Debug|Any CPU = Debug|Any CPU
		Release|Any CPU = Release|Any CPU
	EndGlobalSection
	GlobalSection(ProjectConfigurationPlatforms) = postSolution
		{6FC83489-00C7-427B-8468-223615A93CEA}.Debug|Any CPU.ActiveCfg = Debug|Any CPU
		{6FC83489-00C7-427B-8468-223615A93CEA}.Debug|Any CPU.Build.0 = Debug|Any CPU
		{6FC83489-00C7-427B-8468-223615A93CEA}.Release|Any CPU.ActiveCfg = Release|Any CPU
		{6FC83489-00C7-427B-8468-223615A93CEA}.Release|Any CPU.Build.0 = Release|Any CPU
	EndGlobalSection
	GlobalSection(SolutionProperties) = preSolution
		HideSolutionNode = FALSE
	EndGlobalSection
	GlobalSection(ExtensibilityGlobals) = postSolution
		SolutionGuid = {F92853C2-E882-40C8-8651-3DEC9202CC49}
	EndGlobalSection
EndGlobal
