
Microsoft Visual Studio Solution File, Format Version 12.00
# Visual Studio Version 16
VisualStudioVersion = 16.0.31424.327
MinimumVisualStudioVersion = 10.0.40219.1
Project("{FAE04EC0-301F-11D3-BF4B-00C04F79EFBC}") = "SoftUni2.2", "SoftUni2.2\SoftUni2.2.csproj", "{D92C81AE-9C90-44D7-8B64-F7DFF017FB13}"
EndProject
Global
	GlobalSection(SolutionConfigurationPlatforms) = preSolution
		Debug|Any CPU = Debug|Any CPU
		Release|Any CPU = Release|Any CPU
	EndGlobalSection
	GlobalSection(ProjectConfigurationPlatforms) = postSolution
		{D92C81AE-9C90-44D7-8B64-F7DFF017FB13}.Debug|Any CPU.ActiveCfg = Debug|Any CPU
		{D92C81AE-9C90-44D7-8B64-F7DFF017FB13}.Debug|Any CPU.Build.0 = Debug|Any CPU
		{D92C81AE-9C90-44D7-8B64-F7DFF017FB13}.Release|Any CPU.ActiveCfg = Release|Any CPU
		{D92C81AE-9C90-44D7-8B64-F7DFF017FB13}.Release|Any CPU.Build.0 = Release|Any CPU
	EndGlobalSection
	GlobalSection(SolutionProperties) = preSolution
		HideSolutionNode = FALSE
	EndGlobalSection
	GlobalSection(ExtensibilityGlobals) = postSolution
		SolutionGuid = {515F0C44-3E4D-4902-879C-E110644DFFA5}
	EndGlobalSection
EndGlobal
