
Microsoft Visual Studio Solution File, Format Version 12.00
# Visual Studio Version 17
VisualStudioVersion = 17.0.31903.59
MinimumVisualStudioVersion = 10.0.40219.1
Project("{FAE04EC0-301F-11D3-BF4B-00C04F79EFBC}") = "The imitation game", "The imitation game\The imitation game.csproj", "{EC37753A-7651-402E-AEAD-80693C81FC9B}"
EndProject
Global
	GlobalSection(SolutionConfigurationPlatforms) = preSolution
		Debug|Any CPU = Debug|Any CPU
		Release|Any CPU = Release|Any CPU
	EndGlobalSection
	GlobalSection(ProjectConfigurationPlatforms) = postSolution
		{EC37753A-7651-402E-AEAD-80693C81FC9B}.Debug|Any CPU.ActiveCfg = Debug|Any CPU
		{EC37753A-7651-402E-AEAD-80693C81FC9B}.Debug|Any CPU.Build.0 = Debug|Any CPU
		{EC37753A-7651-402E-AEAD-80693C81FC9B}.Release|Any CPU.ActiveCfg = Release|Any CPU
		{EC37753A-7651-402E-AEAD-80693C81FC9B}.Release|Any CPU.Build.0 = Release|Any CPU
	EndGlobalSection
	GlobalSection(SolutionProperties) = preSolution
		HideSolutionNode = FALSE
	EndGlobalSection
	GlobalSection(ExtensibilityGlobals) = postSolution
		SolutionGuid = {12119ECC-064C-4D24-B03E-37D8AC8EAA46}
	EndGlobalSection
EndGlobal
