
Microsoft Visual Studio Solution File, Format Version 12.00
# Visual Studio Version 16
VisualStudioVersion = 16.0.31424.327
MinimumVisualStudioVersion = 10.0.40219.1
Project("{FAE04EC0-301F-11D3-BF4B-00C04F79EFBC}") = "SoftUni4.7", "SoftUni4.7\SoftUni4.7.csproj", "{548B8E21-2BEA-43C2-83A5-B27BB03C439A}"
EndProject
Global
	GlobalSection(SolutionConfigurationPlatforms) = preSolution
		Debug|Any CPU = Debug|Any CPU
		Release|Any CPU = Release|Any CPU
	EndGlobalSection
	GlobalSection(ProjectConfigurationPlatforms) = postSolution
		{548B8E21-2BEA-43C2-83A5-B27BB03C439A}.Debug|Any CPU.ActiveCfg = Debug|Any CPU
		{548B8E21-2BEA-43C2-83A5-B27BB03C439A}.Debug|Any CPU.Build.0 = Debug|Any CPU
		{548B8E21-2BEA-43C2-83A5-B27BB03C439A}.Release|Any CPU.ActiveCfg = Release|Any CPU
		{548B8E21-2BEA-43C2-83A5-B27BB03C439A}.Release|Any CPU.Build.0 = Release|Any CPU
	EndGlobalSection
	GlobalSection(SolutionProperties) = preSolution
		HideSolutionNode = FALSE
	EndGlobalSection
	GlobalSection(ExtensibilityGlobals) = postSolution
		SolutionGuid = {58BFEAD8-ABC2-4B96-B71A-1B8E128554B5}
	EndGlobalSection
EndGlobal
