
Microsoft Visual Studio Solution File, Format Version 12.00
# Visual Studio Version 16
VisualStudioVersion = 16.0.31424.327
MinimumVisualStudioVersion = 10.0.40219.1
Project("{FAE04EC0-301F-11D3-BF4B-00C04F79EFBC}") = "SoftUni5.7", "SoftUni5.7\SoftUni5.7.csproj", "{71E5B2E3-2E11-46F4-A246-7F97F1AE2E43}"
EndProject
Global
	GlobalSection(SolutionConfigurationPlatforms) = preSolution
		Debug|Any CPU = Debug|Any CPU
		Release|Any CPU = Release|Any CPU
	EndGlobalSection
	GlobalSection(ProjectConfigurationPlatforms) = postSolution
		{71E5B2E3-2E11-46F4-A246-7F97F1AE2E43}.Debug|Any CPU.ActiveCfg = Debug|Any CPU
		{71E5B2E3-2E11-46F4-A246-7F97F1AE2E43}.Debug|Any CPU.Build.0 = Debug|Any CPU
		{71E5B2E3-2E11-46F4-A246-7F97F1AE2E43}.Release|Any CPU.ActiveCfg = Release|Any CPU
		{71E5B2E3-2E11-46F4-A246-7F97F1AE2E43}.Release|Any CPU.Build.0 = Release|Any CPU
	EndGlobalSection
	GlobalSection(SolutionProperties) = preSolution
		HideSolutionNode = FALSE
	EndGlobalSection
	GlobalSection(ExtensibilityGlobals) = postSolution
		SolutionGuid = {B033444E-D42D-4BAB-B3E3-18E5B6F64846}
	EndGlobalSection
EndGlobal
