
Microsoft Visual Studio Solution File, Format Version 12.00
# Visual Studio Version 17
VisualStudioVersion = 17.0.31903.59
MinimumVisualStudioVersion = 10.0.40219.1
Project("{FAE04EC0-301F-11D3-BF4B-00C04F79EFBC}") = "P!rates", "P!rates\P!rates.csproj", "{7507A554-A5F3-4FEC-A7B6-C0A158C232B4}"
EndProject
Global
	GlobalSection(SolutionConfigurationPlatforms) = preSolution
		Debug|Any CPU = Debug|Any CPU
		Release|Any CPU = Release|Any CPU
	EndGlobalSection
	GlobalSection(ProjectConfigurationPlatforms) = postSolution
		{7507A554-A5F3-4FEC-A7B6-C0A158C232B4}.Debug|Any CPU.ActiveCfg = Debug|Any CPU
		{7507A554-A5F3-4FEC-A7B6-C0A158C232B4}.Debug|Any CPU.Build.0 = Debug|Any CPU
		{7507A554-A5F3-4FEC-A7B6-C0A158C232B4}.Release|Any CPU.ActiveCfg = Release|Any CPU
		{7507A554-A5F3-4FEC-A7B6-C0A158C232B4}.Release|Any CPU.Build.0 = Release|Any CPU
	EndGlobalSection
	GlobalSection(SolutionProperties) = preSolution
		HideSolutionNode = FALSE
	EndGlobalSection
	GlobalSection(ExtensibilityGlobals) = postSolution
		SolutionGuid = {06DF0C4F-E645-4EED-81E6-96F05D84718A}
	EndGlobalSection
EndGlobal
