
Microsoft Visual Studio Solution File, Format Version 12.00
# Visual Studio Version 16
VisualStudioVersion = 16.0.31424.327
MinimumVisualStudioVersion = 10.0.40219.1
Project("{FAE04EC0-301F-11D3-BF4B-00C04F79EFBC}") = "SoftUni5.8", "SoftUni5.8\SoftUni5.8.csproj", "{ED692FB6-B958-4824-9F9C-C85BE20E7427}"
EndProject
Global
	GlobalSection(SolutionConfigurationPlatforms) = preSolution
		Debug|Any CPU = Debug|Any CPU
		Release|Any CPU = Release|Any CPU
	EndGlobalSection
	GlobalSection(ProjectConfigurationPlatforms) = postSolution
		{ED692FB6-B958-4824-9F9C-C85BE20E7427}.Debug|Any CPU.ActiveCfg = Debug|Any CPU
		{ED692FB6-B958-4824-9F9C-C85BE20E7427}.Debug|Any CPU.Build.0 = Debug|Any CPU
		{ED692FB6-B958-4824-9F9C-C85BE20E7427}.Release|Any CPU.ActiveCfg = Release|Any CPU
		{ED692FB6-B958-4824-9F9C-C85BE20E7427}.Release|Any CPU.Build.0 = Release|Any CPU
	EndGlobalSection
	GlobalSection(SolutionProperties) = preSolution
		HideSolutionNode = FALSE
	EndGlobalSection
	GlobalSection(ExtensibilityGlobals) = postSolution
		SolutionGuid = {5A2EFDB7-47DC-44BC-89AF-F8988A17C308}
	EndGlobalSection
EndGlobal
